
Microsoft Visual Studio Solution File, Format Version 12.00
# Visual Studio Version 17
VisualStudioVersion = 17.11.35219.272
MinimumVisualStudioVersion = 10.0.40219.1
Project("{9A19103F-16F7-4668-BE54-9A1E7A4F7556}") = "CRMSystem.API", "CRMSystem.API.csproj", "{51FC6195-5064-4303-B3BB-2EDF2FDD5DA9}"
EndProject
Global
	GlobalSection(SolutionConfigurationPlatforms) = preSolution
		Debug|Any CPU = Debug|Any CPU
		Release|Any CPU = Release|Any CPU
	EndGlobalSection
	GlobalSection(ProjectConfigurationPlatforms) = postSolution
		{51FC6195-5064-4303-B3BB-2EDF2FDD5DA9}.Debug|Any CPU.ActiveCfg = Debug|Any CPU
		{51FC6195-5064-4303-B3BB-2EDF2FDD5DA9}.Debug|Any CPU.Build.0 = Debug|Any CPU
		{51FC6195-5064-4303-B3BB-2EDF2FDD5DA9}.Release|Any CPU.ActiveCfg = Release|Any CPU
		{51FC6195-5064-4303-B3BB-2EDF2FDD5DA9}.Release|Any CPU.Build.0 = Release|Any CPU
	EndGlobalSection
	GlobalSection(SolutionProperties) = preSolution
		HideSolutionNode = FALSE
	EndGlobalSection
	GlobalSection(ExtensibilityGlobals) = postSolution
		SolutionGuid = {C7DE2164-948A-40A2-A27F-7FAB3F54BDE4}
	EndGlobalSection
EndGlobal
